{
  "name": "first-attempt-hands-mvp",
  "lockfileVersion": 3,
  "requires": true,
  "packages": {
    "": {
      "dependencies": {
        "@mediapipe/tasks-vision": "^0.10.2-rc2"
      }
    },
    "node_modules/@mediapipe/tasks-vision": {
      "version": "0.10.2-rc2",
      "resolved": "https://registry.npmjs.org/@mediapipe/tasks-vision/-/tasks-vision-0.10.2-rc2.tgz",
      "integrity": "sha512-b9ar6TEUo8I07n/jXSuKDu5HgzkDah9pe4H8BYpcubhCEahlfDD5ixE+9SQyJM4HXHXdF9nN/wRQT7rEnLz7Gg=="
    }
  }
}
